// !$*UTF8*$!
{
	archiveVersion = 1;
	classes = {
	};
	objectVersion = 50;
	objects = {

/* Begin PBXBuildFile section */
		BA2CDA7722576E8200DFF864 /* main.cpp in Sources */ = {isa = PBXBuildFile; fileRef = BA2CDA7622576E8200DFF864 /* main.cpp */; };
		BA2CDA8022576EA800DFF864 /* Mystr.cpp in Sources */ = {isa = PBXBuildFile; fileRef = BA2CDA7D22576EA800DFF864 /* Mystr.cpp */; };
		BA40EBEC225B79A30020F49F /* impresionListasEnlazadas.cpp in Sources */ = {isa = PBXBuildFile; fileRef = BA40EBE9225B79A30020F49F /* impresionListasEnlazadas.cpp */; };
		BA40EBED225B79A30020F49F /* ListaEnlazada.cpp in Sources */ = {isa = PBXBuildFile; fileRef = BA40EBEB225B79A30020F49F /* ListaEnlazada.cpp */; };
/* End PBXBuildFile section */

/* Begin PBXCopyFilesBuildPhase section */
		BA2CDA7122576E8200DFF864 /* CopyFiles */ = {
			isa = PBXCopyFilesBuildPhase;
			buildActionMask = 2147483647;
			dstPath = /usr/share/man/man1/;
			dstSubfolderSpec = 0;
			files = (
			);
			runOnlyForDeploymentPostprocessing = 1;
		};
/* End PBXCopyFilesBuildPhase section */

/* Begin PBXFileReference section */
		BA2CDA7322576E8200DFF864 /* practica_string_xCode */ = {isa = PBXFileReference; explicitFileType = "compiled.mach-o.executable"; includeInIndex = 0; path = practica_string_xCode; sourceTree = BUILT_PRODUCTS_DIR; };
		BA2CDA7622576E8200DFF864 /* main.cpp */ = {isa = PBXFileReference; lastKnownFileType = sourcecode.cpp.cpp; path = main.cpp; sourceTree = "<group>"; };
		BA2CDA7D22576EA800DFF864 /* Mystr.cpp */ = {isa = PBXFileReference; fileEncoding = 4; lastKnownFileType = sourcecode.cpp.cpp; path = Mystr.cpp; sourceTree = "<group>"; };
		BA2CDA7E22576EA800DFF864 /* Mystr.h */ = {isa = PBXFileReference; fileEncoding = 4; lastKnownFileType = sourcecode.c.h; path = Mystr.h; sourceTree = "<group>"; };
		BA2CDA7F22576EA800DFF864 /* Practica A2.pdf */ = {isa = PBXFileReference; lastKnownFileType = image.pdf; path = "Practica A2.pdf"; sourceTree = "<group>"; };
		BA40EBE7225B79A30020F49F /* Nodo.h */ = {isa = PBXFileReference; fileEncoding = 4; lastKnownFileType = sourcecode.c.h; path = Nodo.h; sourceTree = "<group>"; };
		BA40EBE8225B79A30020F49F /* ListaEnlazada.h */ = {isa = PBXFileReference; fileEncoding = 4; lastKnownFileType = sourcecode.c.h; path = ListaEnlazada.h; sourceTree = "<group>"; };
		BA40EBE9225B79A30020F49F /* impresionListasEnlazadas.cpp */ = {isa = PBXFileReference; fileEncoding = 4; lastKnownFileType = sourcecode.cpp.cpp; path = impresionListasEnlazadas.cpp; sourceTree = "<group>"; };
		BA40EBEA225B79A30020F49F /* impresionListasEnlazadas.h */ = {isa = PBXFileReference; fileEncoding = 4; lastKnownFileType = sourcecode.c.h; path = impresionListasEnlazadas.h; sourceTree = "<group>"; };
		BA40EBEB225B79A30020F49F /* ListaEnlazada.cpp */ = {isa = PBXFileReference; fileEncoding = 4; lastKnownFileType = sourcecode.cpp.cpp; path = ListaEnlazada.cpp; sourceTree = "<group>"; };
/* End PBXFileReference section */

/* Begin PBXFrameworksBuildPhase section */
		BA2CDA7022576E8200DFF864 /* Frameworks */ = {
			isa = PBXFrameworksBuildPhase;
			buildActionMask = 2147483647;
			files = (
			);
			runOnlyForDeploymentPostprocessing = 0;
		};
/* End PBXFrameworksBuildPhase section */

/* Begin PBXGroup section */
		BA2CDA6A22576E8200DFF864 = {
			isa = PBXGroup;
			children = (
				BA2CDA7522576E8200DFF864 /* practica_string_xCode */,
				BA2CDA7422576E8200DFF864 /* Products */,
			);
			sourceTree = "<group>";
		};
		BA2CDA7422576E8200DFF864 /* Products */ = {
			isa = PBXGroup;
			children = (
				BA2CDA7322576E8200DFF864 /* practica_string_xCode */,
			);
			name = Products;
			sourceTree = "<group>";
		};
		BA2CDA7522576E8200DFF864 /* practica_string_xCode */ = {
			isa = PBXGroup;
			children = (
				BA40EBE9225B79A30020F49F /* impresionListasEnlazadas.cpp */,
				BA40EBEA225B79A30020F49F /* impresionListasEnlazadas.h */,
				BA40EBEB225B79A30020F49F /* ListaEnlazada.cpp */,
				BA40EBE8225B79A30020F49F /* ListaEnlazada.h */,
				BA40EBE7225B79A30020F49F /* Nodo.h */,
				BA2CDA7D22576EA800DFF864 /* Mystr.cpp */,
				BA2CDA7E22576EA800DFF864 /* Mystr.h */,
				BA2CDA7F22576EA800DFF864 /* Practica A2.pdf */,
				BA2CDA7622576E8200DFF864 /* main.cpp */,
			);
			path = practica_string_xCode;
			sourceTree = "<group>";
		};
/* End PBXGroup section */

/* Begin PBXNativeTarget section */
		BA2CDA7222576E8200DFF864 /* practica_string_xCode */ = {
			isa = PBXNativeTarget;
			buildConfigurationList = BA2CDA7A22576E8200DFF864 /* Build configuration list for PBXNativeTarget "practica_string_xCode" */;
			buildPhases = (
				BA2CDA6F22576E8200DFF864 /* Sources */,
				BA2CDA7022576E8200DFF864 /* Frameworks */,
				BA2CDA7122576E8200DFF864 /* CopyFiles */,
			);
			buildRules = (
			);
			dependencies = (
			);
			name = practica_string_xCode;
			productName = practica_string_xCode;
			productReference = BA2CDA7322576E8200DFF864 /* practica_string_xCode */;
			productType = "com.apple.product-type.tool";
		};
/* End PBXNativeTarget section */

/* Begin PBXProject section */
		BA2CDA6B22576E8200DFF864 /* Project object */ = {
			isa = PBXProject;
			attributes = {
				LastUpgradeCheck = 1010;
				ORGANIZATIONNAME = NBTech;
				TargetAttributes = {
					BA2CDA7222576E8200DFF864 = {
						CreatedOnToolsVersion = 10.1;
					};
				};
			};
			buildConfigurationList = BA2CDA6E22576E8200DFF864 /* Build configuration list for PBXProject "practica_string_xCode" */;
			compatibilityVersion = "Xcode 9.3";
			developmentRegion = en;
			hasScannedForEncodings = 0;
			knownRegions = (
				en,
			);
			mainGroup = BA2CDA6A22576E8200DFF864;
			productRefGroup = BA2CDA7422576E8200DFF864 /* Products */;
			projectDirPath = "";
			projectRoot = "";
			targets = (
				BA2CDA7222576E8200DFF864 /* practica_string_xCode */,
			);
		};
/* End PBXProject section */

/* Begin PBXSourcesBuildPhase section */
		BA2CDA6F22576E8200DFF864 /* Sources */ = {
			isa = PBXSourcesBuildPhase;
			buildActionMask = 2147483647;
			files = (
				BA2CDA7722576E8200DFF864 /* main.cpp in Sources */,
				BA2CDA8022576EA800DFF864 /* Mystr.cpp in Sources */,
				BA40EBEC225B79A30020F49F /* impresionListasEnlazadas.cpp in Sources */,
				BA40EBED225B79A30020F49F /* ListaEnlazada.cpp in Sources */,
			);
			runOnlyForDeploymentPostprocessing = 0;
		};
/* End PBXSourcesBuildPhase section */

/* Begin XCBuildConfiguration section */
		BA2CDA7822576E8200DFF864 /* Debug */ = {
			isa = XCBuildConfiguration;
			buildSettings = {
				ALWAYS_SEARCH_USER_PATHS = NO;
				CLANG_ANALYZER_NONNULL = YES;
				CLANG_ANALYZER_NUMBER_OBJECT_CONVERSION = YES_AGGRESSIVE;
				CLANG_CXX_LANGUAGE_STANDARD = "gnu++14";
				CLANG_CXX_LIBRARY = "libc++";
				CLANG_ENABLE_MODULES = YES;
				CLANG_ENABLE_OBJC_ARC = YES;
				CLANG_ENABLE_OBJC_WEAK = YES;
				CLANG_WARN_BLOCK_CAPTURE_AUTORELEASING = YES;
				CLANG_WARN_BOOL_CONVERSION = YES;
				CLANG_WARN_COMMA = YES;
				CLANG_WARN_CONSTANT_CONVERSION = YES;
				CLANG_WARN_DEPRECATED_OBJC_IMPLEMENTATIONS = YES;
				CLANG_WARN_DIRECT_OBJC_ISA_USAGE = YES_ERROR;
				CLANG_WARN_DOCUMENTATION_COMMENTS = YES;
				CLANG_WARN_EMPTY_BODY = YES;
				CLANG_WARN_ENUM_CONVERSION = YES;
				CLANG_WARN_INFINITE_RECURSION = YES;
				CLANG_WARN_INT_CONVERSION = YES;
				CLANG_WARN_NON_LITERAL_NULL_CONVERSION = YES;
				CLANG_WARN_OBJC_IMPLICIT_RETAIN_SELF = YES;
				CLANG_WARN_OBJC_LITERAL_CONVERSION = YES;
				CLANG_WARN_OBJC_ROOT_CLASS = YES_ERROR;
				CLANG_WARN_RANGE_LOOP_ANALYSIS = YES;
				CLANG_WARN_STRICT_PROTOTYPES = YES;
				CLANG_WARN_SUSPICIOUS_MOVE = YES;
				CLANG_WARN_UNGUARDED_AVAILABILITY = YES_AGGRESSIVE;
				CLANG_WARN_UNREACHABLE_CODE = YES;
				CLANG_WARN__DUPLICATE_METHOD_MATCH = YES;
				CODE_SIGN_IDENTITY = "Mac Developer";
				COPY_PHASE_STRIP = NO;
				DEBUG_INFORMATION_FORMAT = dwarf;
				ENABLE_STRICT_OBJC_MSGSEND = YES;
				ENABLE_TESTABILITY = YES;
				GCC_C_LANGUAGE_STANDARD = gnu11;
				GCC_DYNAMIC_NO_PIC = NO;
				GCC_NO_COMMON_BLOCKS = YES;
				GCC_OPTIMIZATION_LEVEL = 0;
				GCC_PREPROCESSOR_DEFINITIONS = (
					"DEBUG=1",
					"$(inherited)",
				);
				GCC_WARN_64_TO_32_BIT_CONVERSION = YES;
				GCC_WARN_ABOUT_RETURN_TYPE = YES_ERROR;
				GCC_WARN_UNDECLARED_SELECTOR = YES;
				GCC_WARN_UNINITIALIZED_AUTOS = YES_AGGRESSIVE;
				GCC_WARN_UNUSED_FUNCTION = YES;
				GCC_WARN_UNUSED_VARIABLE = YES;
				MACOSX_DEPLOYMENT_TARGET = 10.14;
				MTL_ENABLE_DEBUG_INFO = INCLUDE_SOURCE;
				MTL_FAST_MATH = YES;
				ONLY_ACTIVE_ARCH = YES;
				SDKROOT = macosx;
			};
			name = Debug;
		};
		BA2CDA7922576E8200DFF864 /* Release */ = {
			isa = XCBuildConfiguration;
			buildSettings = {
				ALWAYS_SEARCH_USER_PATHS = NO;
				CLANG_ANALYZER_NONNULL = YES;
				CLANG_ANALYZER_NUMBER_OBJECT_CONVERSION = YES_AGGRESSIVE;
				CLANG_CXX_LANGUAGE_STANDARD = "gnu++14";
				CLANG_CXX_LIBRARY = "libc++";
				CLANG_ENABLE_MODULES = YES;
				CLANG_ENABLE_OBJC_ARC = YES;
				CLANG_ENABLE_OBJC_WEAK = YES;
				CLANG_WARN_BLOCK_CAPTURE_AUTORELEASING = YES;
				CLANG_WARN_BOOL_CONVERSION = YES;
				CLANG_WARN_COMMA = YES;
				CLANG_WARN_CONSTANT_CONVERSION = YES;
				CLANG_WARN_DEPRECATED_OBJC_IMPLEMENTATIONS = YES;
				CLANG_WARN_DIRECT_OBJC_ISA_USAGE = YES_ERROR;
				CLANG_WARN_DOCUMENTATION_COMMENTS = YES;
				CLANG_WARN_EMPTY_BODY = YES;
				CLANG_WARN_ENUM_CONVERSION = YES;
				CLANG_WARN_INFINITE_RECURSION = YES;
				CLANG_WARN_INT_CONVERSION = YES;
				CLANG_WARN_NON_LITERAL_NULL_CONVERSION = YES;
				CLANG_WARN_OBJC_IMPLICIT_RETAIN_SELF = YES;
				CLANG_WARN_OBJC_LITERAL_CONVERSION = YES;
				CLANG_WARN_OBJC_ROOT_CLASS = YES_ERROR;
				CLANG_WARN_RANGE_LOOP_ANALYSIS = YES;
				CLANG_WARN_STRICT_PROTOTYPES = YES;
				CLANG_WARN_SUSPICIOUS_MOVE = YES;
				CLANG_WARN_UNGUARDED_AVAILABILITY = YES_AGGRESSIVE;
				CLANG_WARN_UNREACHABLE_CODE = YES;
				CLANG_WARN__DUPLICATE_METHOD_MATCH = YES;
				CODE_SIGN_IDENTITY = "Mac Developer";
				COPY_PHASE_STRIP = NO;
				DEBUG_INFORMATION_FORMAT = "dwarf-with-dsym";
				ENABLE_NS_ASSERTIONS = NO;
				ENABLE_STRICT_OBJC_MSGSEND = YES;
				GCC_C_LANGUAGE_STANDARD = gnu11;
				GCC_NO_COMMON_BLOCKS = YES;
				GCC_WARN_64_TO_32_BIT_CONVERSION = YES;
				GCC_WARN_ABOUT_RETURN_TYPE = YES_ERROR;
				GCC_WARN_UNDECLARED_SELECTOR = YES;
				GCC_WARN_UNINITIALIZED_AUTOS = YES_AGGRESSIVE;
				GCC_WARN_UNUSED_FUNCTION = YES;
				GCC_WARN_UNUSED_VARIABLE = YES;
				MACOSX_DEPLOYMENT_TARGET = 10.14;
				MTL_ENABLE_DEBUG_INFO = NO;
				MTL_FAST_MATH = YES;
				SDKROOT = macosx;
			};
			name = Release;
		};
		BA2CDA7B22576E8200DFF864 /* Debug */ = {
			isa = XCBuildConfiguration;
			buildSettings = {
				CODE_SIGN_STYLE = Automatic;
				DEVELOPMENT_TEAM = 7GU4K85X89;
				PRODUCT_NAME = "$(TARGET_NAME)";
			};
			name = Debug;
		};
		BA2CDA7C22576E8200DFF864 /* Release */ = {
			isa = XCBuildConfiguration;
			buildSettings = {
				CODE_SIGN_STYLE = Automatic;
				DEVELOPMENT_TEAM = 7GU4K85X89;
				PRODUCT_NAME = "$(TARGET_NAME)";
			};
			name = Release;
		};
/* End XCBuildConfiguration section */

/* Begin XCConfigurationList section */
		BA2CDA6E22576E8200DFF864 /* Build configuration list for PBXProject "practica_string_xCode" */ = {
			isa = XCConfigurationList;
			buildConfigurations = (
				BA2CDA7822576E8200DFF864 /* Debug */,
				BA2CDA7922576E8200DFF864 /* Release */,
			);
			defaultConfigurationIsVisible = 0;
			defaultConfigurationName = Release;
		};
		BA2CDA7A22576E8200DFF864 /* Build configuration list for PBXNativeTarget "practica_string_xCode" */ = {
			isa = XCConfigurationList;
			buildConfigurations = (
				BA2CDA7B22576E8200DFF864 /* Debug */,
				BA2CDA7C22576E8200DFF864 /* Release */,
			);
			defaultConfigurationIsVisible = 0;
			defaultConfigurationName = Release;
		};
/* End XCConfigurationList section */
	};
	rootObject = BA2CDA6B22576E8200DFF864 /* Project object */;
}
